
Microsoft Visual Studio Solution File, Format Version 12.00
# Visual Studio Version 17
VisualStudioVersion = 17.5.002.0
MinimumVisualStudioVersion = 10.0.40219.1
Project("{9A19103F-16F7-4668-BE54-9A1E7A4F7556}") = "IELTS", "IELTS.csproj", "{2EB38392-C374-4F81-A3DB-1496F5657666}"
EndProject
Global
	GlobalSection(SolutionConfigurationPlatforms) = preSolution
		Debug|Any CPU = Debug|Any CPU
		Release|Any CPU = Release|Any CPU
	EndGlobalSection
	GlobalSection(ProjectConfigurationPlatforms) = postSolution
		{2EB38392-C374-4F81-A3DB-1496F5657666}.Debug|Any CPU.ActiveCfg = Debug|Any CPU
		{2EB38392-C374-4F81-A3DB-1496F5657666}.Debug|Any CPU.Build.0 = Debug|Any CPU
		{2EB38392-C374-4F81-A3DB-1496F5657666}.Release|Any CPU.ActiveCfg = Release|Any CPU
		{2EB38392-C374-4F81-A3DB-1496F5657666}.Release|Any CPU.Build.0 = Release|Any CPU
	EndGlobalSection
	GlobalSection(SolutionProperties) = preSolution
		HideSolutionNode = FALSE
	EndGlobalSection
	GlobalSection(ExtensibilityGlobals) = postSolution
		SolutionGuid = {6DCA2E52-3E93-464D-990A-503C95C3F38A}
	EndGlobalSection
EndGlobal
